{
  "object": {
    "pins": [
      {
        "package": "AsyncCompatibilityKit",
        "repositoryURL": "https://github.com/KaiOelfke/AsyncCompatibilityKit",
        "state": {
          "branch": "main",
          "revision": "38333d1d1b9638df4d342c502d9c5a3369471135",
          "version": null
        }
      },
      {
        "package": "FeedKit",
        "repositoryURL": "https://github.com/nmdias/FeedKit.git",
        "state": {
          "branch": null,
          "revision": "68493a33d862c33c9a9f67ec729b3b7df1b20ade",
          "version": "9.1.2"
        }
      },
      {
        "package": "OhhAuth",
        "repositoryURL": "https://github.com/mw99/OhhAuth.git",
        "state": {
          "branch": null,
          "revision": "2b14d3c8087ea9a40b731cfa1bdb0f6f38509448",
          "version": "1.1.0"
        }
      },
      {
        "package": "swift-argument-parser",
        "repositoryURL": "https://github.com/MarcoEidinger/swift-argument-parser",
        "state": {
          "branch": "async",
          "revision": "dfeefc76dc15f1979a84e6a57c552571602478b3",
          "version": null
        }
      },
      {
        "package": "Swifter",
        "repositoryURL": "https://github.com/mattdonnelly/Swifter",
        "state": {
          "branch": null,
          "revision": "50682ebe64e4c08f18957ccfd16888f035c20755",
          "version": "2.5.0"
        }
      },
      {
        "package": "SwiftyBeaver",
        "repositoryURL": "https://github.com/SwiftyBeaver/SwiftyBeaver.git",
        "state": {
          "branch": null,
          "revision": "2c039501d6eeb4d4cd4aec4a8d884ad28862e044",
          "version": "1.9.5"
        }
      }
    ]
  },
  "version": 1
}
